// !$*UTF8*$!
{
	archiveVersion = 1;
	classes = {
	};
	objectVersion = 46;
	objects = {

/* Begin PBXBuildFile section */
		333098091E7A873600F8CAA5 /* CustomAlertView.swift in Sources */ = {isa = PBXBuildFile; fileRef = 333098081E7A873600F8CAA5 /* CustomAlertView.swift */; };
		3330980B1E7A8A1200F8CAA5 /* CustomAlertViewDelegate.swift in Sources */ = {isa = PBXBuildFile; fileRef = 3330980A1E7A8A1200F8CAA5 /* CustomAlertViewDelegate.swift */; };
		3330980D1E7A8B4500F8CAA5 /* UIButton+Border.swift in Sources */ = {isa = PBXBuildFile; fileRef = 3330980C1E7A8B4500F8CAA5 /* UIButton+Border.swift */; };
		33BAC5CF1E7A839A00A05BDD /* AppDelegate.swift in Sources */ = {isa = PBXBuildFile; fileRef = 33BAC5CE1E7A839A00A05BDD /* AppDelegate.swift */; };
		33BAC5D11E7A839A00A05BDD /* ViewController.swift in Sources */ = {isa = PBXBuildFile; fileRef = 33BAC5D01E7A839A00A05BDD /* ViewController.swift */; };
		33BAC5D41E7A839A00A05BDD /* Main.storyboard in Resources */ = {isa = PBXBuildFile; fileRef = 33BAC5D21E7A839A00A05BDD /* Main.storyboard */; };
		33BAC5D61E7A839A00A05BDD /* Assets.xcassets in Resources */ = {isa = PBXBuildFile; fileRef = 33BAC5D51E7A839A00A05BDD /* Assets.xcassets */; };
		33BAC5D91E7A839A00A05BDD /* LaunchScreen.storyboard in Resources */ = {isa = PBXBuildFile; fileRef = 33BAC5D71E7A839A00A05BDD /* LaunchScreen.storyboard */; };
/* End PBXBuildFile section */

/* Begin PBXFileReference section */
		333098081E7A873600F8CAA5 /* CustomAlertView.swift */ = {isa = PBXFileReference; fileEncoding = 4; lastKnownFileType = sourcecode.swift; path = CustomAlertView.swift; sourceTree = "<group>"; };
		3330980A1E7A8A1200F8CAA5 /* CustomAlertViewDelegate.swift */ = {isa = PBXFileReference; fileEncoding = 4; lastKnownFileType = sourcecode.swift; path = CustomAlertViewDelegate.swift; sourceTree = "<group>"; };
		3330980C1E7A8B4500F8CAA5 /* UIButton+Border.swift */ = {isa = PBXFileReference; fileEncoding = 4; lastKnownFileType = sourcecode.swift; path = "UIButton+Border.swift"; sourceTree = "<group>"; };
		33BAC5CB1E7A839A00A05BDD /* CustomAlertView.app */ = {isa = PBXFileReference; explicitFileType = wrapper.application; includeInIndex = 0; path = CustomAlertView.app; sourceTree = BUILT_PRODUCTS_DIR; };
		33BAC5CE1E7A839A00A05BDD /* AppDelegate.swift */ = {isa = PBXFileReference; lastKnownFileType = sourcecode.swift; path = AppDelegate.swift; sourceTree = "<group>"; };
		33BAC5D01E7A839A00A05BDD /* ViewController.swift */ = {isa = PBXFileReference; lastKnownFileType = sourcecode.swift; path = ViewController.swift; sourceTree = "<group>"; };
		33BAC5D31E7A839A00A05BDD /* Base */ = {isa = PBXFileReference; lastKnownFileType = file.storyboard; name = Base; path = Base.lproj/Main.storyboard; sourceTree = "<group>"; };
		33BAC5D51E7A839A00A05BDD /* Assets.xcassets */ = {isa = PBXFileReference; lastKnownFileType = folder.assetcatalog; path = Assets.xcassets; sourceTree = "<group>"; };
		33BAC5D81E7A839A00A05BDD /* Base */ = {isa = PBXFileReference; lastKnownFileType = file.storyboard; name = Base; path = Base.lproj/LaunchScreen.storyboard; sourceTree = "<group>"; };
		33BAC5DA1E7A839A00A05BDD /* Info.plist */ = {isa = PBXFileReference; lastKnownFileType = text.plist.xml; path = Info.plist; sourceTree = "<group>"; };
/* End PBXFileReference section */

/* Begin PBXFrameworksBuildPhase section */
		33BAC5C81E7A839A00A05BDD /* Frameworks */ = {
			isa = PBXFrameworksBuildPhase;
			buildActionMask = 2147483647;
			files = (
			);
			runOnlyForDeploymentPostprocessing = 0;
		};
/* End PBXFrameworksBuildPhase section */

/* Begin PBXGroup section */
		330D28191E892BC9008DFD5F /* CustomAlertView */ = {
			isa = PBXGroup;
			children = (
				333098081E7A873600F8CAA5 /* CustomAlertView.swift */,
				3330980A1E7A8A1200F8CAA5 /* CustomAlertViewDelegate.swift */,
			);
			path = CustomAlertView;
			sourceTree = "<group>";
		};
		33BAC5C21E7A839A00A05BDD = {
			isa = PBXGroup;
			children = (
				33BAC5CD1E7A839A00A05BDD /* CustomAlertView */,
				33BAC5CC1E7A839A00A05BDD /* Products */,
			);
			sourceTree = "<group>";
		};
		33BAC5CC1E7A839A00A05BDD /* Products */ = {
			isa = PBXGroup;
			children = (
				33BAC5CB1E7A839A00A05BDD /* CustomAlertView.app */,
			);
			name = Products;
			sourceTree = "<group>";
		};
		33BAC5CD1E7A839A00A05BDD /* CustomAlertView */ = {
			isa = PBXGroup;
			children = (
				330D28191E892BC9008DFD5F /* CustomAlertView */,
				33BAC5CE1E7A839A00A05BDD /* AppDelegate.swift */,
				33BAC5D01E7A839A00A05BDD /* ViewController.swift */,
				33BAC5D21E7A839A00A05BDD /* Main.storyboard */,
				33BAC5D51E7A839A00A05BDD /* Assets.xcassets */,
				33BAC5D71E7A839A00A05BDD /* LaunchScreen.storyboard */,
				33BAC5DA1E7A839A00A05BDD /* Info.plist */,
				3330980C1E7A8B4500F8CAA5 /* UIButton+Border.swift */,
			);
			path = CustomAlertView;
			sourceTree = "<group>";
		};
/* End PBXGroup section */

/* Begin PBXNativeTarget section */
		33BAC5CA1E7A839A00A05BDD /* CustomAlertView */ = {
			isa = PBXNativeTarget;
			buildConfigurationList = 33BAC5DD1E7A839A00A05BDD /* Build configuration list for PBXNativeTarget "CustomAlertView" */;
			buildPhases = (
				33BAC5C71E7A839A00A05BDD /* Sources */,
				33BAC5C81E7A839A00A05BDD /* Frameworks */,
				33BAC5C91E7A839A00A05BDD /* Resources */,
			);
			buildRules = (
			);
			dependencies = (
			);
			name = CustomAlertView;
			productName = CustomAlertView;
			productReference = 33BAC5CB1E7A839A00A05BDD /* CustomAlertView.app */;
			productType = "com.apple.product-type.application";
		};
/* End PBXNativeTarget section */

/* Begin PBXProject section */
		33BAC5C31E7A839A00A05BDD /* Project object */ = {
			isa = PBXProject;
			attributes = {
				LastSwiftUpdateCheck = 0820;
				LastUpgradeCheck = 0820;
				ORGANIZATIONNAME = dluque;
				TargetAttributes = {
					33BAC5CA1E7A839A00A05BDD = {
						CreatedOnToolsVersion = 8.2.1;
						DevelopmentTeam = AQ3UP5S566;
						ProvisioningStyle = Automatic;
					};
				};
			};
			buildConfigurationList = 33BAC5C61E7A839A00A05BDD /* Build configuration list for PBXProject "CustomAlertView" */;
			compatibilityVersion = "Xcode 3.2";
			developmentRegion = English;
			hasScannedForEncodings = 0;
			knownRegions = (
				en,
				Base,
			);
			mainGroup = 33BAC5C21E7A839A00A05BDD;
			productRefGroup = 33BAC5CC1E7A839A00A05BDD /* Products */;
			projectDirPath = "";
			projectRoot = "";
			targets = (
				33BAC5CA1E7A839A00A05BDD /* CustomAlertView */,
			);
		};
/* End PBXProject section */

/* Begin PBXResourcesBuildPhase section */
		33BAC5C91E7A839A00A05BDD /* Resources */ = {
			isa = PBXResourcesBuildPhase;
			buildActionMask = 2147483647;
			files = (
				33BAC5D91E7A839A00A05BDD /* LaunchScreen.storyboard in Resources */,
				33BAC5D61E7A839A00A05BDD /* Assets.xcassets in Resources */,
				33BAC5D41E7A839A00A05BDD /* Main.storyboard in Resources */,
			);
			runOnlyForDeploymentPostprocessing = 0;
		};
/* End PBXResourcesBuildPhase section */

/* Begin PBXSourcesBuildPhase section */
		33BAC5C71E7A839A00A05BDD /* Sources */ = {
			isa = PBXSourcesBuildPhase;
			buildActionMask = 2147483647;
			files = (
				333098091E7A873600F8CAA5 /* CustomAlertView.swift in Sources */,
				3330980B1E7A8A1200F8CAA5 /* CustomAlertViewDelegate.swift in Sources */,
				3330980D1E7A8B4500F8CAA5 /* UIButton+Border.swift in Sources */,
				33BAC5D11E7A839A00A05BDD /* ViewController.swift in Sources */,
				33BAC5CF1E7A839A00A05BDD /* AppDelegate.swift in Sources */,
			);
			runOnlyForDeploymentPostprocessing = 0;
		};
/* End PBXSourcesBuildPhase section */

/* Begin PBXVariantGroup section */
		33BAC5D21E7A839A00A05BDD /* Main.storyboard */ = {
			isa = PBXVariantGroup;
			children = (
				33BAC5D31E7A839A00A05BDD /* Base */,
			);
			name = Main.storyboard;
			sourceTree = "<group>";
		};
		33BAC5D71E7A839A00A05BDD /* LaunchScreen.storyboard */ = {
			isa = PBXVariantGroup;
			children = (
				33BAC5D81E7A839A00A05BDD /* Base */,
			);
			name = LaunchScreen.storyboard;
			sourceTree = "<group>";
		};
/* End PBXVariantGroup section */

/* Begin XCBuildConfiguration section */
		33BAC5DB1E7A839A00A05BDD /* Debug */ = {
			isa = XCBuildConfiguration;
			buildSettings = {
				ALWAYS_SEARCH_USER_PATHS = NO;
				CLANG_ANALYZER_NONNULL = YES;
				CLANG_CXX_LANGUAGE_STANDARD = "gnu++0x";
				CLANG_CXX_LIBRARY = "libc++";
				CLANG_ENABLE_MODULES = YES;
				CLANG_ENABLE_OBJC_ARC = YES;
				CLANG_WARN_BOOL_CONVERSION = YES;
				CLANG_WARN_CONSTANT_CONVERSION = YES;
				CLANG_WARN_DIRECT_OBJC_ISA_USAGE = YES_ERROR;
				CLANG_WARN_DOCUMENTATION_COMMENTS = YES;
				CLANG_WARN_EMPTY_BODY = YES;
				CLANG_WARN_ENUM_CONVERSION = YES;
				CLANG_WARN_INFINITE_RECURSION = YES;
				CLANG_WARN_INT_CONVERSION = YES;
				CLANG_WARN_OBJC_ROOT_CLASS = YES_ERROR;
				CLANG_WARN_SUSPICIOUS_MOVE = YES;
				CLANG_WARN_UNREACHABLE_CODE = YES;
				CLANG_WARN__DUPLICATE_METHOD_MATCH = YES;
				"CODE_SIGN_IDENTITY[sdk=iphoneos*]" = "iPhone Developer";
				COPY_PHASE_STRIP = NO;
				DEBUG_INFORMATION_FORMAT = dwarf;
				ENABLE_STRICT_OBJC_MSGSEND = YES;
				ENABLE_TESTABILITY = YES;
				GCC_C_LANGUAGE_STANDARD = gnu99;
				GCC_DYNAMIC_NO_PIC = NO;
				GCC_NO_COMMON_BLOCKS = YES;
				GCC_OPTIMIZATION_LEVEL = 0;
				GCC_PREPROCESSOR_DEFINITIONS = (
					"DEBUG=1",
					"$(inherited)",
				);
				GCC_WARN_64_TO_32_BIT_CONVERSION = YES;
				GCC_WARN_ABOUT_RETURN_TYPE = YES_ERROR;
				GCC_WARN_UNDECLARED_SELECTOR = YES;
				GCC_WARN_UNINITIALIZED_AUTOS = YES_AGGRESSIVE;
				GCC_WARN_UNUSED_FUNCTION = YES;
				GCC_WARN_UNUSED_VARIABLE = YES;
				IPHONEOS_DEPLOYMENT_TARGET = 10.2;
				MTL_ENABLE_DEBUG_INFO = YES;
				ONLY_ACTIVE_ARCH = YES;
				SDKROOT = iphoneos;
				SWIFT_ACTIVE_COMPILATION_CONDITIONS = DEBUG;
				SWIFT_OPTIMIZATION_LEVEL = "-Onone";
			};
			name = Debug;
		};
		33BAC5DC1E7A839A00A05BDD /* Release */ = {
			isa = XCBuildConfiguration;
			buildSettings = {
				ALWAYS_SEARCH_USER_PATHS = NO;
				CLANG_ANALYZER_NONNULL = YES;
				CLANG_CXX_LANGUAGE_STANDARD = "gnu++0x";
				CLANG_CXX_LIBRARY = "libc++";
				CLANG_ENABLE_MODULES = YES;
				CLANG_ENABLE_OBJC_ARC = YES;
				CLANG_WARN_BOOL_CONVERSION = YES;
				CLANG_WARN_CONSTANT_CONVERSION = YES;
				CLANG_WARN_DIRECT_OBJC_ISA_USAGE = YES_ERROR;
				CLANG_WARN_DOCUMENTATION_COMMENTS = YES;
				CLANG_WARN_EMPTY_BODY = YES;
				CLANG_WARN_ENUM_CONVERSION = YES;
				CLANG_WARN_INFINITE_RECURSION = YES;
				CLANG_WARN_INT_CONVERSION = YES;
				CLANG_WARN_OBJC_ROOT_CLASS = YES_ERROR;
				CLANG_WARN_SUSPICIOUS_MOVE = YES;
				CLANG_WARN_UNREACHABLE_CODE = YES;
				CLANG_WARN__DUPLICATE_METHOD_MATCH = YES;
				"CODE_SIGN_IDENTITY[sdk=iphoneos*]" = "iPhone Developer";
				COPY_PHASE_STRIP = NO;
				DEBUG_INFORMATION_FORMAT = "dwarf-with-dsym";
				ENABLE_NS_ASSERTIONS = NO;
				ENABLE_STRICT_OBJC_MSGSEND = YES;
				GCC_C_LANGUAGE_STANDARD = gnu99;
				GCC_NO_COMMON_BLOCKS = YES;
				GCC_WARN_64_TO_32_BIT_CONVERSION = YES;
				GCC_WARN_ABOUT_RETURN_TYPE = YES_ERROR;
				GCC_WARN_UNDECLARED_SELECTOR = YES;
				GCC_WARN_UNINITIALIZED_AUTOS = YES_AGGRESSIVE;
				GCC_WARN_UNUSED_FUNCTION = YES;
				GCC_WARN_UNUSED_VARIABLE = YES;
				IPHONEOS_DEPLOYMENT_TARGET = 10.2;
				MTL_ENABLE_DEBUG_INFO = NO;
				SDKROOT = iphoneos;
				SWIFT_OPTIMIZATION_LEVEL = "-Owholemodule";
				VALIDATE_PRODUCT = YES;
			};
			name = Release;
		};
		33BAC5DE1E7A839A00A05BDD /* Debug */ = {
			isa = XCBuildConfiguration;
			buildSettings = {
				ASSETCATALOG_COMPILER_APPICON_NAME = AppIcon;
				DEVELOPMENT_TEAM = AQ3UP5S566;
				INFOPLIST_FILE = CustomAlertView/Info.plist;
				LD_RUNPATH_SEARCH_PATHS = "$(inherited) @executable_path/Frameworks";
				PRODUCT_BUNDLE_IDENTIFIER = com.dluque.CustomAlertView;
				PRODUCT_NAME = "$(TARGET_NAME)";
				SWIFT_VERSION = 3.0;
			};
			name = Debug;
		};
		33BAC5DF1E7A839A00A05BDD /* Release */ = {
			isa = XCBuildConfiguration;
			buildSettings = {
				ASSETCATALOG_COMPILER_APPICON_NAME = AppIcon;
				DEVELOPMENT_TEAM = AQ3UP5S566;
				INFOPLIST_FILE = CustomAlertView/Info.plist;
				LD_RUNPATH_SEARCH_PATHS = "$(inherited) @executable_path/Frameworks";
				PRODUCT_BUNDLE_IDENTIFIER = com.dluque.CustomAlertView;
				PRODUCT_NAME = "$(TARGET_NAME)";
				SWIFT_VERSION = 3.0;
			};
			name = Release;
		};
/* End XCBuildConfiguration section */

/* Begin XCConfigurationList section */
		33BAC5C61E7A839A00A05BDD /* Build configuration list for PBXProject "CustomAlertView" */ = {
			isa = XCConfigurationList;
			buildConfigurations = (
				33BAC5DB1E7A839A00A05BDD /* Debug */,
				33BAC5DC1E7A839A00A05BDD /* Release */,
			);
			defaultConfigurationIsVisible = 0;
			defaultConfigurationName = Release;
		};
		33BAC5DD1E7A839A00A05BDD /* Build configuration list for PBXNativeTarget "CustomAlertView" */ = {
			isa = XCConfigurationList;
			buildConfigurations = (
				33BAC5DE1E7A839A00A05BDD /* Debug */,
				33BAC5DF1E7A839A00A05BDD /* Release */,
			);
			defaultConfigurationIsVisible = 0;
			defaultConfigurationName = Release;
		};
/* End XCConfigurationList section */
	};
	rootObject = 33BAC5C31E7A839A00A05BDD /* Project object */;
}
